
Microsoft Visual Studio Solution File, Format Version 12.00
# Visual Studio Version 16
VisualStudioVersion = 16.0.29324.140
MinimumVisualStudioVersion = 10.0.40219.1
Project("{8BC9CEB8-8B4A-11D0-8D11-00A0C91BC942}") = "lab 0", "lab 0.vcxproj", "{66C4D1E8-E95F-4E29-8803-5812068F7491}"
EndProject
Global
	GlobalSection(SolutionConfigurationPlatforms) = preSolution
		Debug|x64 = Debug|x64
		Debug|x86 = Debug|x86
		Release|x64 = Release|x64
		Release|x86 = Release|x86
	EndGlobalSection
	GlobalSection(ProjectConfigurationPlatforms) = postSolution
		{66C4D1E8-E95F-4E29-8803-5812068F7491}.Debug|x64.ActiveCfg = Debug|x64
		{66C4D1E8-E95F-4E29-8803-5812068F7491}.Debug|x64.Build.0 = Debug|x64
		{66C4D1E8-E95F-4E29-8803-5812068F7491}.Debug|x86.ActiveCfg = Debug|Win32
		{66C4D1E8-E95F-4E29-8803-5812068F7491}.Debug|x86.Build.0 = Debug|Win32
		{66C4D1E8-E95F-4E29-8803-5812068F7491}.Release|x64.ActiveCfg = Release|x64
		{66C4D1E8-E95F-4E29-8803-5812068F7491}.Release|x64.Build.0 = Release|x64
		{66C4D1E8-E95F-4E29-8803-5812068F7491}.Release|x86.ActiveCfg = Release|Win32
		{66C4D1E8-E95F-4E29-8803-5812068F7491}.Release|x86.Build.0 = Release|Win32
	EndGlobalSection
	GlobalSection(SolutionProperties) = preSolution
		HideSolutionNode = FALSE
	EndGlobalSection
	GlobalSection(ExtensibilityGlobals) = postSolution
		SolutionGuid = {273F2CD5-7263-4573-8B7F-909970CEBF4E}
	EndGlobalSection
EndGlobal
